// !$*UTF8*$!
{
	archiveVersion = 1;
	classes = {
	};
	objectVersion = 77;
	objects = {

/* Begin PBXBuildFile section */
		B9CAA08A2F31B82F00ECB08B /* LLM in Frameworks */ = {isa = PBXBuildFile; productRef = B9CAA0892F31B82F00ECB08B /* LLM */; };
/* End PBXBuildFile section */

/* Begin PBXCopyFilesBuildPhase section */
		B999319D2F31B5A7004C183A /* Embed Frameworks */ = {
			isa = PBXCopyFilesBuildPhase;
			buildActionMask = 2147483647;
			dstPath = "";
			dstSubfolderSpec = 10;
			files = (
			);
			name = "Embed Frameworks";
			runOnlyForDeploymentPostprocessing = 0;
		};
/* End PBXCopyFilesBuildPhase section */

/* Begin PBXFileReference section */
		B94E94462F2C5F0A0018D51E /* Sentinel.app */ = {isa = PBXFileReference; explicitFileType = wrapper.application; includeInIndex = 0; path = Sentinel.app; sourceTree = BUILT_PRODUCTS_DIR; };
		B99906092F31B568004C183A /* SwiftRefactorExtension.xcodeproj */ = {isa = PBXFileReference; lastKnownFileType = "wrapper.pb-project"; path = SwiftRefactorExtension.xcodeproj; sourceTree = "<group>"; };
		B9992B6D2F31B568004C183A /* SwiftRefactorExtension.xcodeproj */ = {isa = PBXFileReference; lastKnownFileType = "wrapper.pb-project"; path = SwiftRefactorExtension.xcodeproj; sourceTree = "<group>"; };
/* End PBXFileReference section */

/* Begin PBXFileSystemSynchronizedBuildFileExceptionSet section */
		B94903412F2EF251002368A1 /* Exceptions for "Sentinel" folder in "Sentinel" target */ = {
			isa = PBXFileSystemSynchronizedBuildFileExceptionSet;
			membershipExceptions = (
				Info.plist,
			);
			target = B94E94452F2C5F0A0018D51E /* Sentinel */;
		};
/* End PBXFileSystemSynchronizedBuildFileExceptionSet section */

/* Begin PBXFileSystemSynchronizedRootGroup section */
		B94E94482F2C5F0A0018D51E /* Sentinel */ = {
			isa = PBXFileSystemSynchronizedRootGroup;
			exceptions = (
				B94903412F2EF251002368A1 /* Exceptions for "Sentinel" folder in "Sentinel" target */,
			);
			path = Sentinel;
			sourceTree = "<group>";
		};
/* End PBXFileSystemSynchronizedRootGroup section */

/* Begin PBXFrameworksBuildPhase section */
		B94E94432F2C5F0A0018D51E /* Frameworks */ = {
			isa = PBXFrameworksBuildPhase;
			buildActionMask = 2147483647;
			files = (
				B9CAA08A2F31B82F00ECB08B /* LLM in Frameworks */,
			);
			runOnlyForDeploymentPostprocessing = 0;
		};
/* End PBXFrameworksBuildPhase section */

/* Begin PBXGroup section */
		B94E943D2F2C5F0A0018D51E = {
			isa = PBXGroup;
			children = (
				B94E94482F2C5F0A0018D51E /* Sentinel */,
				B999319A2F31B5A7004C183A /* Frameworks */,
				B94E94472F2C5F0A0018D51E /* Products */,
			);
			sourceTree = "<group>";
		};
		B94E94472F2C5F0A0018D51E /* Products */ = {
			isa = PBXGroup;
			children = (
				B94E94462F2C5F0A0018D51E /* Sentinel.app */,
			);
			name = Products;
			sourceTree = "<group>";
		};
		B999318A2F31B568004C183A /* Products */ = {
			isa = PBXGroup;
			children = (
			);
			name = Products;
			sourceTree = "<group>";
		};
		B999318C2F31B568004C183A /* Products */ = {
			isa = PBXGroup;
			children = (
			);
			name = Products;
			sourceTree = "<group>";
		};
		B999319A2F31B5A7004C183A /* Frameworks */ = {
			isa = PBXGroup;
			children = (
			);
			name = Frameworks;
			sourceTree = "<group>";
		};
/* End PBXGroup section */

/* Begin PBXNativeTarget section */
		B94E94452F2C5F0A0018D51E /* Sentinel */ = {
			isa = PBXNativeTarget;
			buildConfigurationList = B94E94512F2C5F0A0018D51E /* Build configuration list for PBXNativeTarget "Sentinel" */;
			buildPhases = (
				B94E94422F2C5F0A0018D51E /* Sources */,
				B94E94432F2C5F0A0018D51E /* Frameworks */,
				B94E94442F2C5F0A0018D51E /* Resources */,
				B999319D2F31B5A7004C183A /* Embed Frameworks */,
			);
			buildRules = (
			);
			dependencies = (
			);
			fileSystemSynchronizedGroups = (
				B94E94482F2C5F0A0018D51E /* Sentinel */,
			);
			name = Sentinel;
			packageProductDependencies = (
				B9CAA0892F31B82F00ECB08B /* LLM */,
			);
			productName = Sentinel;
			productReference = B94E94462F2C5F0A0018D51E /* Sentinel.app */;
			productType = "com.apple.product-type.application";
		};
/* End PBXNativeTarget section */

/* Begin PBXProject section */
		B94E943E2F2C5F0A0018D51E /* Project object */ = {
			isa = PBXProject;
			attributes = {
				BuildIndependentTargetsInParallel = 1;
				LastSwiftUpdateCheck = 2620;
				LastUpgradeCheck = 2620;
				TargetAttributes = {
					B94E94452F2C5F0A0018D51E = {
						CreatedOnToolsVersion = 26.2;
					};
				};
			};
			buildConfigurationList = B94E94412F2C5F0A0018D51E /* Build configuration list for PBXProject "Sentinel" */;
			developmentRegion = en;
			hasScannedForEncodings = 0;
			knownRegions = (
				en,
				Base,
			);
			mainGroup = B94E943D2F2C5F0A0018D51E;
			minimizedProjectReferenceProxies = 1;
			packageReferences = (
				B9CAA0882F31B82F00ECB08B /* XCRemoteSwiftPackageReference "https://github.com/haldihealth/LLM.swift" */,
			);
			preferredProjectObjectVersion = 77;
			productRefGroup = B94E94472F2C5F0A0018D51E /* Products */;
			projectDirPath = "";
			projectReferences = (
				{
					ProductGroup = B999318C2F31B568004C183A /* Products */;
					ProjectRef = B9992B6D2F31B568004C183A /* SwiftRefactorExtension.xcodeproj */;
				},
				{
					ProductGroup = B999318A2F31B568004C183A /* Products */;
					ProjectRef = B99906092F31B568004C183A /* SwiftRefactorExtension.xcodeproj */;
				},
			);
			projectRoot = "";
			targets = (
				B94E94452F2C5F0A0018D51E /* Sentinel */,
			);
		};
/* End PBXProject section */

/* Begin PBXResourcesBuildPhase section */
		B94E94442F2C5F0A0018D51E /* Resources */ = {
			isa = PBXResourcesBuildPhase;
			buildActionMask = 2147483647;
			files = (
			);
			runOnlyForDeploymentPostprocessing = 0;
		};
/* End PBXResourcesBuildPhase section */

/* Begin PBXSourcesBuildPhase section */
		B94E94422F2C5F0A0018D51E /* Sources */ = {
			isa = PBXSourcesBuildPhase;
			buildActionMask = 2147483647;
			files = (
			);
			runOnlyForDeploymentPostprocessing = 0;
		};
/* End PBXSourcesBuildPhase section */

/* Begin XCBuildConfiguration section */
		B94E944F2F2C5F0A0018D51E /* Debug */ = {
			isa = XCBuildConfiguration;
			buildSettings = {
				ALWAYS_SEARCH_USER_PATHS = NO;
				ASSETCATALOG_COMPILER_GENERATE_SWIFT_ASSET_SYMBOL_EXTENSIONS = YES;
				CLANG_ANALYZER_NONNULL = YES;
				CLANG_ANALYZER_NUMBER_OBJECT_CONVERSION = YES_AGGRESSIVE;
				CLANG_CXX_LANGUAGE_STANDARD = "gnu++20";
				CLANG_ENABLE_MODULES = YES;
				CLANG_ENABLE_OBJC_ARC = YES;
				CLANG_ENABLE_OBJC_WEAK = YES;
				CLANG_WARN_BLOCK_CAPTURE_AUTORELEASING = YES;
				CLANG_WARN_BOOL_CONVERSION = YES;
				CLANG_WARN_COMMA = YES;
				CLANG_WARN_CONSTANT_CONVERSION = YES;
				CLANG_WARN_DEPRECATED_OBJC_IMPLEMENTATIONS = YES;
				CLANG_WARN_DIRECT_OBJC_ISA_USAGE = YES_ERROR;
				CLANG_WARN_DOCUMENTATION_COMMENTS = YES;
				CLANG_WARN_EMPTY_BODY = YES;
				CLANG_WARN_ENUM_CONVERSION = YES;
				CLANG_WARN_INFINITE_RECURSION = YES;
				CLANG_WARN_INT_CONVERSION = YES;
				CLANG_WARN_NON_LITERAL_NULL_CONVERSION = YES;
				CLANG_WARN_OBJC_IMPLICIT_RETAIN_SELF = YES;
				CLANG_WARN_OBJC_LITERAL_CONVERSION = YES;
				CLANG_WARN_OBJC_ROOT_CLASS = YES_ERROR;
				CLANG_WARN_QUOTED_INCLUDE_IN_FRAMEWORK_HEADER = YES;
				CLANG_WARN_RANGE_LOOP_ANALYSIS = YES;
				CLANG_WARN_STRICT_PROTOTYPES = YES;
				CLANG_WARN_SUSPICIOUS_MOVE = YES;
				CLANG_WARN_UNGUARDED_AVAILABILITY = YES_AGGRESSIVE;
				CLANG_WARN_UNREACHABLE_CODE = YES;
				CLANG_WARN__DUPLICATE_METHOD_MATCH = YES;
				COPY_PHASE_STRIP = NO;
				DEBUG_INFORMATION_FORMAT = dwarf;
				DEVELOPMENT_TEAM = T2SBTP63BF;
				ENABLE_STRICT_OBJC_MSGSEND = YES;
				ENABLE_TESTABILITY = YES;
				ENABLE_USER_SCRIPT_SANDBOXING = YES;
				GCC_C_LANGUAGE_STANDARD = gnu17;
				GCC_DYNAMIC_NO_PIC = NO;
				GCC_NO_COMMON_BLOCKS = YES;
				GCC_OPTIMIZATION_LEVEL = 0;
				GCC_PREPROCESSOR_DEFINITIONS = (
					"DEBUG=1",
					"$(inherited)",
				);
				GCC_WARN_64_TO_32_BIT_CONVERSION = YES;
				GCC_WARN_ABOUT_RETURN_TYPE = YES_ERROR;
				GCC_WARN_UNDECLARED_SELECTOR = YES;
				GCC_WARN_UNINITIALIZED_AUTOS = YES_AGGRESSIVE;
				GCC_WARN_UNUSED_FUNCTION = YES;
				GCC_WARN_UNUSED_VARIABLE = YES;
				IPHONEOS_DEPLOYMENT_TARGET = 17.0;
				LOCALIZATION_PREFERS_STRING_CATALOGS = YES;
				MTL_ENABLE_DEBUG_INFO = INCLUDE_SOURCE;
				MTL_FAST_MATH = YES;
				ONLY_ACTIVE_ARCH = YES;
				SDKROOT = iphoneos;
				SWIFT_ACTIVE_COMPILATION_CONDITIONS = "DEBUG $(inherited)";
				SWIFT_OPTIMIZATION_LEVEL = "-Onone";
			};
			name = Debug;
		};
		B94E94502F2C5F0A0018D51E /* Release */ = {
			isa = XCBuildConfiguration;
			buildSettings = {
				ALWAYS_SEARCH_USER_PATHS = NO;
				ASSETCATALOG_COMPILER_GENERATE_SWIFT_ASSET_SYMBOL_EXTENSIONS = YES;
				CLANG_ANALYZER_NONNULL = YES;
				CLANG_ANALYZER_NUMBER_OBJECT_CONVERSION = YES_AGGRESSIVE;
				CLANG_CXX_LANGUAGE_STANDARD = "gnu++20";
				CLANG_ENABLE_MODULES = YES;
				CLANG_ENABLE_OBJC_ARC = YES;
				CLANG_ENABLE_OBJC_WEAK = YES;
				CLANG_WARN_BLOCK_CAPTURE_AUTORELEASING = YES;
				CLANG_WARN_BOOL_CONVERSION = YES;
				CLANG_WARN_COMMA = YES;
				CLANG_WARN_CONSTANT_CONVERSION = YES;
				CLANG_WARN_DEPRECATED_OBJC_IMPLEMENTATIONS = YES;
				CLANG_WARN_DIRECT_OBJC_ISA_USAGE = YES_ERROR;
				CLANG_WARN_DOCUMENTATION_COMMENTS = YES;
				CLANG_WARN_EMPTY_BODY = YES;
				CLANG_WARN_ENUM_CONVERSION = YES;
				CLANG_WARN_INFINITE_RECURSION = YES;
				CLANG_WARN_INT_CONVERSION = YES;
				CLANG_WARN_NON_LITERAL_NULL_CONVERSION = YES;
				CLANG_WARN_OBJC_IMPLICIT_RETAIN_SELF = YES;
				CLANG_WARN_OBJC_LITERAL_CONVERSION = YES;
				CLANG_WARN_OBJC_ROOT_CLASS = YES_ERROR;
				CLANG_WARN_QUOTED_INCLUDE_IN_FRAMEWORK_HEADER = YES;
				CLANG_WARN_RANGE_LOOP_ANALYSIS = YES;
				CLANG_WARN_STRICT_PROTOTYPES = YES;
				CLANG_WARN_SUSPICIOUS_MOVE = YES;
				CLANG_WARN_UNGUARDED_AVAILABILITY = YES_AGGRESSIVE;
				CLANG_WARN_UNREACHABLE_CODE = YES;
				CLANG_WARN__DUPLICATE_METHOD_MATCH = YES;
				COPY_PHASE_STRIP = NO;
				DEBUG_INFORMATION_FORMAT = "dwarf-with-dsym";
				DEVELOPMENT_TEAM = T2SBTP63BF;
				ENABLE_NS_ASSERTIONS = NO;
				ENABLE_STRICT_OBJC_MSGSEND = YES;
				ENABLE_USER_SCRIPT_SANDBOXING = YES;
				GCC_C_LANGUAGE_STANDARD = gnu17;
				GCC_NO_COMMON_BLOCKS = YES;
				GCC_WARN_64_TO_32_BIT_CONVERSION = YES;
				GCC_WARN_ABOUT_RETURN_TYPE = YES_ERROR;
				GCC_WARN_UNDECLARED_SELECTOR = YES;
				GCC_WARN_UNINITIALIZED_AUTOS = YES_AGGRESSIVE;
				GCC_WARN_UNUSED_FUNCTION = YES;
				GCC_WARN_UNUSED_VARIABLE = YES;
				IPHONEOS_DEPLOYMENT_TARGET = 17.0;
				LOCALIZATION_PREFERS_STRING_CATALOGS = YES;
				MTL_ENABLE_DEBUG_INFO = NO;
				MTL_FAST_MATH = YES;
				SDKROOT = iphoneos;
				SWIFT_COMPILATION_MODE = wholemodule;
				VALIDATE_PRODUCT = YES;
			};
			name = Release;
		};
		B94E94522F2C5F0A0018D51E /* Debug */ = {
			isa = XCBuildConfiguration;
			buildSettings = {
				ASSETCATALOG_COMPILER_APPICON_NAME = AppIcon;
				ASSETCATALOG_COMPILER_GLOBAL_ACCENT_COLOR_NAME = AccentColor;
				CODE_SIGN_ENTITLEMENTS = Sentinel/Sentinel.entitlements;
				CODE_SIGN_STYLE = Automatic;
				CURRENT_PROJECT_VERSION = 1;
				DEVELOPMENT_TEAM = T2SBTP63BF;
				ENABLE_PREVIEWS = YES;
				GENERATE_INFOPLIST_FILE = YES;
				INFOPLIST_FILE = Sentinel/Info.plist;
				INFOPLIST_KEY_NSCameraUsageDescription = "Sentinel uses your camera to capture a brief recording for mental health analysis. Your video is processed locally and never stored.";
				INFOPLIST_KEY_NSHealthClinicalHealthRecordsShareUsageDescription = "Sentinel accesses your health records to give more informed risk assessment.";
				INFOPLIST_KEY_NSHealthShareUsageDescription = "Sentinel accesses your health data (heart rate, sleep, activity) to monitor physiological markers for risk assessment.";
				INFOPLIST_KEY_NSHealthUpdateUsageDescription = "Sentinel saves data to your Health app to track your daily check-in progress.";
				INFOPLIST_KEY_NSMicrophoneUsageDescription = "Sentinel uses your microphone to capture audio for voice analysis. Your audio is processed locally and never stored.";
				INFOPLIST_KEY_NSSpeechRecognitionUsageDescription = "Sentinel uses speech recognition to understand what you are saying.";
				INFOPLIST_KEY_UIApplicationSceneManifest_Generation = YES;
				INFOPLIST_KEY_UIApplicationSupportsIndirectInputEvents = YES;
				INFOPLIST_KEY_UILaunchScreen_Generation = YES;
				INFOPLIST_KEY_UISupportedInterfaceOrientations_iPad = "UIInterfaceOrientationPortrait UIInterfaceOrientationPortraitUpsideDown UIInterfaceOrientationLandscapeLeft UIInterfaceOrientationLandscapeRight";
				INFOPLIST_KEY_UISupportedInterfaceOrientations_iPhone = "UIInterfaceOrientationPortrait UIInterfaceOrientationLandscapeLeft UIInterfaceOrientationLandscapeRight";
				LD_RUNPATH_SEARCH_PATHS = (
					"$(inherited)",
					"@executable_path/Frameworks",
				);
				MARKETING_VERSION = 1.0;
				PRODUCT_BUNDLE_IDENTIFIER = "Shehni-and-Samir.Sentinel";
				PRODUCT_NAME = "$(TARGET_NAME)";
				STRING_CATALOG_GENERATE_SYMBOLS = YES;
				SUPPORTED_PLATFORMS = "iphoneos iphonesimulator";
				SWIFT_APPROACHABLE_CONCURRENCY = YES;
				SWIFT_DEFAULT_ACTOR_ISOLATION = MainActor;
				SWIFT_EMIT_LOC_STRINGS = YES;
				SWIFT_OBJC_INTEROP_MODE = objcxx;
				SWIFT_UPCOMING_FEATURE_MEMBER_IMPORT_VISIBILITY = YES;
				SWIFT_VERSION = 5.0;
				TARGETED_DEVICE_FAMILY = "1,2";
			};
			name = Debug;
		};
		B94E94532F2C5F0A0018D51E /* Release */ = {
			isa = XCBuildConfiguration;
			buildSettings = {
				ASSETCATALOG_COMPILER_APPICON_NAME = AppIcon;
				ASSETCATALOG_COMPILER_GLOBAL_ACCENT_COLOR_NAME = AccentColor;
				CODE_SIGN_ENTITLEMENTS = Sentinel/Sentinel.entitlements;
				CODE_SIGN_STYLE = Automatic;
				CURRENT_PROJECT_VERSION = 1;
				DEVELOPMENT_TEAM = T2SBTP63BF;
				ENABLE_PREVIEWS = YES;
				GENERATE_INFOPLIST_FILE = YES;
				INFOPLIST_FILE = Sentinel/Info.plist;
				INFOPLIST_KEY_NSCameraUsageDescription = "Sentinel uses your camera to capture a brief recording for mental health analysis. Your video is processed locally and never stored.";
				INFOPLIST_KEY_NSHealthClinicalHealthRecordsShareUsageDescription = "Sentinel accesses your health records to give more informed risk assessment.";
				INFOPLIST_KEY_NSHealthShareUsageDescription = "Sentinel accesses your health data (heart rate, sleep, activity) to monitor physiological markers for risk assessment.";
				INFOPLIST_KEY_NSHealthUpdateUsageDescription = "Sentinel saves data to your Health app to track your daily check-in progress.";
				INFOPLIST_KEY_NSMicrophoneUsageDescription = "Sentinel uses your microphone to capture audio for voice analysis. Your audio is processed locally and never stored.";
				INFOPLIST_KEY_NSSpeechRecognitionUsageDescription = "Sentinel uses speech recognition to understand what you are saying.";
				INFOPLIST_KEY_UIApplicationSceneManifest_Generation = YES;
				INFOPLIST_KEY_UIApplicationSupportsIndirectInputEvents = YES;
				INFOPLIST_KEY_UILaunchScreen_Generation = YES;
				INFOPLIST_KEY_UISupportedInterfaceOrientations_iPad = "UIInterfaceOrientationPortrait UIInterfaceOrientationPortraitUpsideDown UIInterfaceOrientationLandscapeLeft UIInterfaceOrientationLandscapeRight";
				INFOPLIST_KEY_UISupportedInterfaceOrientations_iPhone = "UIInterfaceOrientationPortrait UIInterfaceOrientationLandscapeLeft UIInterfaceOrientationLandscapeRight";
				LD_RUNPATH_SEARCH_PATHS = (
					"$(inherited)",
					"@executable_path/Frameworks",
				);
				MARKETING_VERSION = 1.0;
				PRODUCT_BUNDLE_IDENTIFIER = "Shehni-and-Samir.Sentinel";
				PRODUCT_NAME = "$(TARGET_NAME)";
				STRING_CATALOG_GENERATE_SYMBOLS = YES;
				SUPPORTED_PLATFORMS = "iphoneos iphonesimulator";
				SWIFT_APPROACHABLE_CONCURRENCY = YES;
				SWIFT_DEFAULT_ACTOR_ISOLATION = MainActor;
				SWIFT_EMIT_LOC_STRINGS = YES;
				SWIFT_OBJC_INTEROP_MODE = objcxx;
				SWIFT_UPCOMING_FEATURE_MEMBER_IMPORT_VISIBILITY = YES;
				SWIFT_VERSION = 5.0;
				TARGETED_DEVICE_FAMILY = "1,2";
			};
			name = Release;
		};
/* End XCBuildConfiguration section */

/* Begin XCConfigurationList section */
		B94E94412F2C5F0A0018D51E /* Build configuration list for PBXProject "Sentinel" */ = {
			isa = XCConfigurationList;
			buildConfigurations = (
				B94E944F2F2C5F0A0018D51E /* Debug */,
				B94E94502F2C5F0A0018D51E /* Release */,
			);
			defaultConfigurationIsVisible = 0;
			defaultConfigurationName = Release;
		};
		B94E94512F2C5F0A0018D51E /* Build configuration list for PBXNativeTarget "Sentinel" */ = {
			isa = XCConfigurationList;
			buildConfigurations = (
				B94E94522F2C5F0A0018D51E /* Debug */,
				B94E94532F2C5F0A0018D51E /* Release */,
			);
			defaultConfigurationIsVisible = 0;
			defaultConfigurationName = Release;
		};
/* End XCConfigurationList section */

/* Begin XCRemoteSwiftPackageReference section */
		B9CAA0882F31B82F00ECB08B /* XCRemoteSwiftPackageReference "https://github.com/haldihealth/LLM.swift" */ = {
			isa = XCRemoteSwiftPackageReference;
			repositoryURL = "https://github.com/haldihealth/LLM.swift";
			requirement = {
				branch = main;
				kind = branch;
			};
		};
/* End XCRemoteSwiftPackageReference section */

/* Begin XCSwiftPackageProductDependency section */
		B9CAA0892F31B82F00ECB08B /* LLM */ = {
			isa = XCSwiftPackageProductDependency;
			package = B9CAA0882F31B82F00ECB08B /* XCRemoteSwiftPackageReference "https://github.com/haldihealth/LLM.swift" */;
			productName = LLM;
		};
/* End XCSwiftPackageProductDependency section */
	};
	rootObject = B94E943E2F2C5F0A0018D51E /* Project object */;
}
